
Microsoft Visual Studio Solution File, Format Version 12.00
# Visual Studio 2012
Project("{FAE04EC0-301F-11D3-BF4B-00C04F79EFBC}") = "FavouriteWeddingSongs", "FavouriteWeddingSongs\FavouriteWeddingSongs.csproj", "{1A2EF00D-5864-4DAD-8217-BE328BDCEE60}"
EndProject
Global
	GlobalSection(SolutionConfigurationPlatforms) = preSolution
		Debug|Any CPU = Debug|Any CPU
		Release|Any CPU = Release|Any CPU
	EndGlobalSection
	GlobalSection(ProjectConfigurationPlatforms) = postSolution
		{1A2EF00D-5864-4DAD-8217-BE328BDCEE60}.Debug|Any CPU.ActiveCfg = Debug|Any CPU
		{1A2EF00D-5864-4DAD-8217-BE328BDCEE60}.Debug|Any CPU.Build.0 = Debug|Any CPU
		{1A2EF00D-5864-4DAD-8217-BE328BDCEE60}.Release|Any CPU.ActiveCfg = Release|Any CPU
		{1A2EF00D-5864-4DAD-8217-BE328BDCEE60}.Release|Any CPU.Build.0 = Release|Any CPU
	EndGlobalSection
	GlobalSection(SolutionProperties) = preSolution
		HideSolutionNode = FALSE
	EndGlobalSection
EndGlobal
